
Microsoft Visual Studio Solution File, Format Version 12.00
# Visual Studio 14
VisualStudioVersion = 14.0.25420.1
MinimumVisualStudioVersion = 10.0.40219.1
Project("{FAE04EC0-301F-11D3-BF4B-00C04F79EFBC}") = "STO.Data.Model", "STO.Data.Model\STO.Data.Model.csproj", "{878DE77A-3001-454A-B9BD-A16F0807AFA0}"
EndProject
Project("{FAE04EC0-301F-11D3-BF4B-00C04F79EFBC}") = "STO.Data", "STO.Data\STO.Data.csproj", "{BFE75CBC-4112-48D6-8B02-BA6636E1B84D}"
EndProject
Project("{FAE04EC0-301F-11D3-BF4B-00C04F79EFBC}") = "STO.Presentation.Web", "STO.Presentation.Web\STO.Presentation.Web.csproj", "{16B18062-9828-48C4-B941-323DD74E00D5}"
EndProject
Global
	GlobalSection(SolutionConfigurationPlatforms) = preSolution
		Debug|Any CPU = Debug|Any CPU
		Release|Any CPU = Release|Any CPU
	EndGlobalSection
	GlobalSection(ProjectConfigurationPlatforms) = postSolution
		{878DE77A-3001-454A-B9BD-A16F0807AFA0}.Debug|Any CPU.ActiveCfg = Debug|Any CPU
		{878DE77A-3001-454A-B9BD-A16F0807AFA0}.Debug|Any CPU.Build.0 = Debug|Any CPU
		{878DE77A-3001-454A-B9BD-A16F0807AFA0}.Release|Any CPU.ActiveCfg = Release|Any CPU
		{878DE77A-3001-454A-B9BD-A16F0807AFA0}.Release|Any CPU.Build.0 = Release|Any CPU
		{BFE75CBC-4112-48D6-8B02-BA6636E1B84D}.Debug|Any CPU.ActiveCfg = Debug|Any CPU
		{BFE75CBC-4112-48D6-8B02-BA6636E1B84D}.Debug|Any CPU.Build.0 = Debug|Any CPU
		{BFE75CBC-4112-48D6-8B02-BA6636E1B84D}.Release|Any CPU.ActiveCfg = Release|Any CPU
		{BFE75CBC-4112-48D6-8B02-BA6636E1B84D}.Release|Any CPU.Build.0 = Release|Any CPU
		{16B18062-9828-48C4-B941-323DD74E00D5}.Debug|Any CPU.ActiveCfg = Debug|Any CPU
		{16B18062-9828-48C4-B941-323DD74E00D5}.Debug|Any CPU.Build.0 = Debug|Any CPU
		{16B18062-9828-48C4-B941-323DD74E00D5}.Release|Any CPU.ActiveCfg = Release|Any CPU
		{16B18062-9828-48C4-B941-323DD74E00D5}.Release|Any CPU.Build.0 = Release|Any CPU
	EndGlobalSection
	GlobalSection(SolutionProperties) = preSolution
		HideSolutionNode = FALSE
	EndGlobalSection
EndGlobal
